
Microsoft Visual Studio Solution File, Format Version 12.00
# Visual Studio Version 16
VisualStudioVersion = 16.0.30709.132
MinimumVisualStudioVersion = 10.0.40219.1
Project("{9A19103F-16F7-4668-BE54-9A1E7A4F7556}") = "AspNetCore.ExceptionHandler.Tests", "AspNetCore.ExceptionHandler.Tests\AspNetCore.ExceptionHandler.Tests.csproj", "{F50B8649-447D-45A1-A936-8731B45C6DE3}"
EndProject
Project("{9A19103F-16F7-4668-BE54-9A1E7A4F7556}") = "AspNetCore.ExceptionHandler", "AspNetCore.Exceptions\AspNetCore.ExceptionHandler.csproj", "{5C3290DB-396B-433D-8B93-3595D9DC43A6}"
EndProject
Global
	GlobalSection(SolutionConfigurationPlatforms) = preSolution
		Debug|Any CPU = Debug|Any CPU
		Release|Any CPU = Release|Any CPU
	EndGlobalSection
	GlobalSection(ProjectConfigurationPlatforms) = postSolution
		{F50B8649-447D-45A1-A936-8731B45C6DE3}.Debug|Any CPU.ActiveCfg = Debug|Any CPU
		{F50B8649-447D-45A1-A936-8731B45C6DE3}.Debug|Any CPU.Build.0 = Debug|Any CPU
		{F50B8649-447D-45A1-A936-8731B45C6DE3}.Release|Any CPU.ActiveCfg = Release|Any CPU
		{F50B8649-447D-45A1-A936-8731B45C6DE3}.Release|Any CPU.Build.0 = Release|Any CPU
		{5C3290DB-396B-433D-8B93-3595D9DC43A6}.Debug|Any CPU.ActiveCfg = Debug|Any CPU
		{5C3290DB-396B-433D-8B93-3595D9DC43A6}.Debug|Any CPU.Build.0 = Debug|Any CPU
		{5C3290DB-396B-433D-8B93-3595D9DC43A6}.Release|Any CPU.ActiveCfg = Release|Any CPU
		{5C3290DB-396B-433D-8B93-3595D9DC43A6}.Release|Any CPU.Build.0 = Release|Any CPU
	EndGlobalSection
	GlobalSection(SolutionProperties) = preSolution
		HideSolutionNode = FALSE
	EndGlobalSection
	GlobalSection(ExtensibilityGlobals) = postSolution
		SolutionGuid = {78E31EDF-6A34-41EA-80F6-D403301F7619}
	EndGlobalSection
EndGlobal
